
Microsoft Visual Studio Solution File, Format Version 12.00
Project("{FAE04EC0-301F-11D3-BF4B-00C04F79EFBC}") = "GoodHamburger.API", "GoodHamburger.API\GoodHamburger.API.csproj", "{5BB3A554-AE6E-40B8-9A83-7AEEAC37FFFF}"
	ProjectSection(ProjectDependencies) = postProject
		{7C2F3B38-5890-440E-8405-F034A7E8B981} = {7C2F3B38-5890-440E-8405-F034A7E8B981}
		{3758704F-ABEF-46F8-9C2B-444579760E20} = {3758704F-ABEF-46F8-9C2B-444579760E20}
	EndProjectSection
EndProject
Project("{FAE04EC0-301F-11D3-BF4B-00C04F79EFBC}") = "GoodHamburger.Blazor", "GoodHamburger.Blazor\GoodHamburger.Blazor.csproj", "{F0E9FEE0-13C7-4D40-8CEE-F93C1B662AF0}"
EndProject
Project("{FAE04EC0-301F-11D3-BF4B-00C04F79EFBC}") = "GoodHamburger.Application", "GoodHamburger.Application\GoodHamburger.Application.csproj", "{7C2F3B38-5890-440E-8405-F034A7E8B981}"
	ProjectSection(ProjectDependencies) = postProject
		{72E642F1-200D-411F-8D40-195098CEF2D6} = {72E642F1-200D-411F-8D40-195098CEF2D6}
	EndProjectSection
EndProject
Project("{FAE04EC0-301F-11D3-BF4B-00C04F79EFBC}") = "GoodHamburger.Domain", "GoodHamburger.Domain\GoodHamburger.Domain.csproj", "{72E642F1-200D-411F-8D40-195098CEF2D6}"
EndProject
Project("{FAE04EC0-301F-11D3-BF4B-00C04F79EFBC}") = "GoodHamburger.Infrastructure", "GoodHamburger.Infrastructure\GoodHamburger.Infrastructure.csproj", "{3758704F-ABEF-46F8-9C2B-444579760E20}"
	ProjectSection(ProjectDependencies) = postProject
		{7C2F3B38-5890-440E-8405-F034A7E8B981} = {7C2F3B38-5890-440E-8405-F034A7E8B981}
		{72E642F1-200D-411F-8D40-195098CEF2D6} = {72E642F1-200D-411F-8D40-195098CEF2D6}
	EndProjectSection
EndProject
Project("{2150E333-8FDC-42A3-9474-1A3956D46DE8}") = "Solution Items", "Solution Items", "{4AC3582B-FD6E-4059-A28E-AF8691D6E621}"
	ProjectSection(SolutionItems) = preProject
		compose.yaml = compose.yaml
	EndProjectSection
EndProject
Global
	GlobalSection(SolutionConfigurationPlatforms) = preSolution
		Debug|Any CPU = Debug|Any CPU
		Release|Any CPU = Release|Any CPU
	EndGlobalSection
	GlobalSection(ProjectConfigurationPlatforms) = postSolution
		{5BB3A554-AE6E-40B8-9A83-7AEEAC37FFFF}.Debug|Any CPU.ActiveCfg = Debug|Any CPU
		{5BB3A554-AE6E-40B8-9A83-7AEEAC37FFFF}.Debug|Any CPU.Build.0 = Debug|Any CPU
		{5BB3A554-AE6E-40B8-9A83-7AEEAC37FFFF}.Release|Any CPU.ActiveCfg = Release|Any CPU
		{5BB3A554-AE6E-40B8-9A83-7AEEAC37FFFF}.Release|Any CPU.Build.0 = Release|Any CPU
		{F0E9FEE0-13C7-4D40-8CEE-F93C1B662AF0}.Debug|Any CPU.ActiveCfg = Debug|Any CPU
		{F0E9FEE0-13C7-4D40-8CEE-F93C1B662AF0}.Debug|Any CPU.Build.0 = Debug|Any CPU
		{F0E9FEE0-13C7-4D40-8CEE-F93C1B662AF0}.Release|Any CPU.ActiveCfg = Release|Any CPU
		{F0E9FEE0-13C7-4D40-8CEE-F93C1B662AF0}.Release|Any CPU.Build.0 = Release|Any CPU
		{7C2F3B38-5890-440E-8405-F034A7E8B981}.Debug|Any CPU.ActiveCfg = Debug|Any CPU
		{7C2F3B38-5890-440E-8405-F034A7E8B981}.Debug|Any CPU.Build.0 = Debug|Any CPU
		{7C2F3B38-5890-440E-8405-F034A7E8B981}.Release|Any CPU.ActiveCfg = Release|Any CPU
		{7C2F3B38-5890-440E-8405-F034A7E8B981}.Release|Any CPU.Build.0 = Release|Any CPU
		{72E642F1-200D-411F-8D40-195098CEF2D6}.Debug|Any CPU.ActiveCfg = Debug|Any CPU
		{72E642F1-200D-411F-8D40-195098CEF2D6}.Debug|Any CPU.Build.0 = Debug|Any CPU
		{72E642F1-200D-411F-8D40-195098CEF2D6}.Release|Any CPU.ActiveCfg = Release|Any CPU
		{72E642F1-200D-411F-8D40-195098CEF2D6}.Release|Any CPU.Build.0 = Release|Any CPU
		{3758704F-ABEF-46F8-9C2B-444579760E20}.Debug|Any CPU.ActiveCfg = Debug|Any CPU
		{3758704F-ABEF-46F8-9C2B-444579760E20}.Debug|Any CPU.Build.0 = Debug|Any CPU
		{3758704F-ABEF-46F8-9C2B-444579760E20}.Release|Any CPU.ActiveCfg = Release|Any CPU
		{3758704F-ABEF-46F8-9C2B-444579760E20}.Release|Any CPU.Build.0 = Release|Any CPU
	EndGlobalSection
EndGlobal
